{
  "version": 4,
  "terraform_version": "1.5.6",
  "serial": 4,
  "lineage": "4dff2c6f-0ae9-194f-5b38-a9312a6b1f23",
  "outputs": {},
  "resources": [
    {
      "mode": "managed",
      "type": "local_file",
      "name": "exemplo",
      "provider": "provider[\"registry.terraform.io/hashicorp/local\"]",
      "instances": [
        {
          "schema_version": 0,
          "attributes": {
            "content": "Conteúdo vindo do tfvars",
            "content_base64": null,
            "content_base64sha256": "8jTO3cnxpUFD5qV5oV2rV4/OKAYqAQdTgyK8w58nttc=",
            "content_base64sha512": "G+W3zilIC5uiy/C45slU7kHbd2SFFiPJUypnslWnBLFhFGLaMNDGEm3h4TlxQPKOOH8afMlcEOzMdNSOkndqRQ==",
            "content_md5": "f7df367f24b53c9f725bcce2f05af7e0",
            "content_sha1": "6f22cade9c447bd0fba8160ccfdf6efcd706200a",
            "content_sha256": "f234ceddc9f1a54143e6a579a15dab578fce28062a0107538322bcc39f27b6d7",
            "content_sha512": "1be5b7ce29480b9ba2cbf0b8e6c954ee41db7764851623c9532a67b255a704b1611462da30d0c6126de1e1397140f28e387f1a7cc95c10eccc74d48e92776a45",
            "directory_permission": "0777",
            "file_permission": "0777",
            "filename": "exemplo.txt",
            "id": "6f22cade9c447bd0fba8160ccfdf6efcd706200a",
            "sensitive_content": null,
            "source": null
          },
          "sensitive_attributes": []
        }
      ]
    }
  ],
  "check_results": null
}
