{
  "version": 4,
  "terraform_version": "1.5.6",
  "serial": 7,
  "lineage": "4dff2c6f-0ae9-194f-5b38-a9312a6b1f23",
  "outputs": {
    "id-do-arquivo": {
      "value": "b9d5368355466468a0b1589a5f99c8db84111028",
      "type": "string"
    }
  },
  "resources": [
    {
      "mode": "managed",
      "type": "local_file",
      "name": "exemplo",
      "provider": "provider[\"registry.terraform.io/hashicorp/local\"]",
      "instances": [
        {
          "schema_version": 0,
          "attributes": {
            "content": "Conteúdo vindo do tfvars testando output",
            "content_base64": null,
            "content_base64sha256": "obKn5bO6nzPPanDcc5qNNKBuZ7ytwjk+AQQhGlE+RkI=",
            "content_base64sha512": "t4n0ii6ScUpt20kgu1P5qLFwM++pb47FABvXatzJRebOHVtaJpV8R08fZcSGOU20sGbzCtMQR2z8aq6WTpYISA==",
            "content_md5": "7b661a0d0b91089b3ad7bb63a98f67b0",
            "content_sha1": "b9d5368355466468a0b1589a5f99c8db84111028",
            "content_sha256": "a1b2a7e5b3ba9f33cf6a70dc739a8d34a06e67bcadc2393e0104211a513e4642",
            "content_sha512": "b789f48a2e92714a6ddb4920bb53f9a8b17033efa96f8ec5001bd76adcc945e6ce1d5b5a26957c474f1f65c486394db4b066f30ad310476cfc6aae964e960848",
            "directory_permission": "0777",
            "file_permission": "0777",
            "filename": "exemplo.txt",
            "id": "b9d5368355466468a0b1589a5f99c8db84111028",
            "sensitive_content": null,
            "source": null
          },
          "sensitive_attributes": []
        }
      ]
    }
  ],
  "check_results": null
}
